
Microsoft Visual Studio Solution File, Format Version 12.00
# Visual Studio Version 16
VisualStudioVersion = 16.0.32413.511
MinimumVisualStudioVersion = 10.0.40219.1
Project("{FAE04EC0-301F-11D3-BF4B-00C04F79EFBC}") = "MikhunaEcuador", "MikhunaEcuador\MikhunaEcuador.csproj", "{AB26705E-49C9-4A03-B29A-7568F8C8FF16}"
EndProject
Global
	GlobalSection(SolutionConfigurationPlatforms) = preSolution
		Debug|Any CPU = Debug|Any CPU
		Release|Any CPU = Release|Any CPU
	EndGlobalSection
	GlobalSection(ProjectConfigurationPlatforms) = postSolution
		{AB26705E-49C9-4A03-B29A-7568F8C8FF16}.Debug|Any CPU.ActiveCfg = Debug|Any CPU
		{AB26705E-49C9-4A03-B29A-7568F8C8FF16}.Debug|Any CPU.Build.0 = Debug|Any CPU
		{AB26705E-49C9-4A03-B29A-7568F8C8FF16}.Release|Any CPU.ActiveCfg = Release|Any CPU
		{AB26705E-49C9-4A03-B29A-7568F8C8FF16}.Release|Any CPU.Build.0 = Release|Any CPU
	EndGlobalSection
	GlobalSection(SolutionProperties) = preSolution
		HideSolutionNode = FALSE
	EndGlobalSection
	GlobalSection(ExtensibilityGlobals) = postSolution
		SolutionGuid = {65A0EF91-40BF-4B06-A937-078899DEAD34}
	EndGlobalSection
EndGlobal
